
Microsoft Visual Studio Solution File, Format Version 12.00
# Visual Studio Version 16
VisualStudioVersion = 16.0.30225.117
MinimumVisualStudioVersion = 10.0.40219.1
Project("{FAE04EC0-301F-11D3-BF4B-00C04F79EFBC}") = "EfCodeFirstExercise", "EfCodeFirstExercise\EfCodeFirstExercise.csproj", "{AED71898-4D07-44CA-B0A5-7808E3020358}"
EndProject
Global
	GlobalSection(SolutionConfigurationPlatforms) = preSolution
		Debug|Any CPU = Debug|Any CPU
		Release|Any CPU = Release|Any CPU
	EndGlobalSection
	GlobalSection(ProjectConfigurationPlatforms) = postSolution
		{AED71898-4D07-44CA-B0A5-7808E3020358}.Debug|Any CPU.ActiveCfg = Debug|Any CPU
		{AED71898-4D07-44CA-B0A5-7808E3020358}.Debug|Any CPU.Build.0 = Debug|Any CPU
		{AED71898-4D07-44CA-B0A5-7808E3020358}.Release|Any CPU.ActiveCfg = Release|Any CPU
		{AED71898-4D07-44CA-B0A5-7808E3020358}.Release|Any CPU.Build.0 = Release|Any CPU
	EndGlobalSection
	GlobalSection(SolutionProperties) = preSolution
		HideSolutionNode = FALSE
	EndGlobalSection
	GlobalSection(ExtensibilityGlobals) = postSolution
		SolutionGuid = {D8777A70-2E0B-4163-B039-E261BACD2895}
	EndGlobalSection
EndGlobal
